
Microsoft Visual Studio Solution File, Format Version 12.00
# Visual Studio Version 17
VisualStudioVersion = 17.2.32630.192
MinimumVisualStudioVersion = 10.0.40219.1
Project("{2150E333-8FDC-42A3-9474-1A3956D46DE8}") = "Catalog", "Catalog", "{EAE95AEA-1049-4B82-9FEA-C78C61606A70}"
EndProject
Project("{9A19103F-16F7-4668-BE54-9A1E7A4F7556}") = "MSCourse.Services.Catalog", "Services\Catalog\MSCourse.Services.Catalog\MSCourse.Services.Catalog.csproj", "{64FC38F8-73A2-40EE-AA1D-540D14643B4F}"
EndProject
Project("{2150E333-8FDC-42A3-9474-1A3956D46DE8}") = "Services", "Services", "{9FA74B20-7ADD-4409-8579-2FE04B4C9044}"
EndProject
Project("{2150E333-8FDC-42A3-9474-1A3956D46DE8}") = "SolutionItems", "SolutionItems", "{08067BB2-266C-47C1-ADFF-31B690AA2868}"
	ProjectSection(SolutionItems) = preProject
		Extension Passwords.txt = Extension Passwords.txt
		Ports.txt = Ports.txt
		..\..\Yapılacaklar Listesi.txt = ..\..\Yapılacaklar Listesi.txt
	EndProjectSection
EndProject
Project("{2150E333-8FDC-42A3-9474-1A3956D46DE8}") = "Shared", "Shared", "{10A37D26-2A9E-4B6B-BABA-BEE477B6DB13}"
EndProject
Project("{9A19103F-16F7-4668-BE54-9A1E7A4F7556}") = "MSCourse.Shared", "Shared\MSCourse.Shared\MSCourse.Shared.csproj", "{85901AB8-492B-4812-A3DF-18F19625A70C}"
EndProject
Project("{2150E333-8FDC-42A3-9474-1A3956D46DE8}") = "IdentityServer", "IdentityServer", "{5A23F034-A326-4257-8FC4-DA158BE94A58}"
EndProject
Project("{9A19103F-16F7-4668-BE54-9A1E7A4F7556}") = "MSCourse.IdentityServer", "IdentityServer\MSCourse.IdentityServer\MSCourse.IdentityServer.csproj", "{350ED648-9216-4067-9736-09FE8189D348}"
EndProject
Project("{2150E333-8FDC-42A3-9474-1A3956D46DE8}") = "PhotoStock", "PhotoStock", "{DE3EAC22-5B4D-416A-B22A-DC261E5FF13C}"
EndProject
Project("{9A19103F-16F7-4668-BE54-9A1E7A4F7556}") = "MSCourse.Services.PhotoStock", "Services\PhotoStock\MSCourse.Services.PhotoStock\MSCourse.Services.PhotoStock.csproj", "{BC73D2FE-6871-4C2E-BE5B-4D92364DB80C}"
EndProject
Project("{2150E333-8FDC-42A3-9474-1A3956D46DE8}") = "Basket", "Basket", "{95EAC0C8-1C5A-479F-AE85-4AC39A7D511A}"
EndProject
Project("{9A19103F-16F7-4668-BE54-9A1E7A4F7556}") = "MSCourse.Services.Basket", "Services\Basket\MSCourse.Services.Basket\MSCourse.Services.Basket.csproj", "{DECCEE6A-E9A9-46A0-9EB9-0EA3555641B9}"
EndProject
Project("{2150E333-8FDC-42A3-9474-1A3956D46DE8}") = "Discount", "Discount", "{5404E593-723B-401B-BABF-C53C0924D3A0}"
EndProject
Project("{FAE04EC0-301F-11D3-BF4B-00C04F79EFBC}") = "MSCourse.Services.Discount", "Services\Discount\MSCourse.Services.Discount\MSCourse.Services.Discount.csproj", "{028F4621-C37A-4306-AB65-FD134883A493}"
EndProject
Project("{2150E333-8FDC-42A3-9474-1A3956D46DE8}") = "Order", "Order", "{F2C3DF04-9A66-44BD-A75D-0968F497A856}"
EndProject
Project("{FAE04EC0-301F-11D3-BF4B-00C04F79EFBC}") = "MSCourse.Services.Order", "Services\Order\MSCourse.Services.Order\MSCourse.Services.Order.csproj", "{45D528B2-5D3D-4762-81F8-A3BEF404118D}"
EndProject
Project("{FAE04EC0-301F-11D3-BF4B-00C04F79EFBC}") = "MSCourse.Services.Order.Application", "Services\Order\MSCourse.Services.Order.Application\MSCourse.Services.Order.Application.csproj", "{225ED31D-4B86-4199-8EFA-6A53B16E96E3}"
EndProject
Project("{FAE04EC0-301F-11D3-BF4B-00C04F79EFBC}") = "MSCourse.Services.Order.Domain", "Services\Order\MSCourse.Services.Order.Domain\MSCourse.Services.Order.Domain.csproj", "{23B9D24D-0714-42B3-BD60-B544E40EF2E7}"
EndProject
Project("{FAE04EC0-301F-11D3-BF4B-00C04F79EFBC}") = "MSCourse.Services.Order.Domain.Core", "Services\Order\MSCourse.Services.Order.Domain.Core\MSCourse.Services.Order.Domain.Core.csproj", "{E1A605FE-872B-41C0-A086-FBBAAF33A033}"
EndProject
Project("{FAE04EC0-301F-11D3-BF4B-00C04F79EFBC}") = "MSCourse.Services.Order.Infrastructure", "Services\Order\MSCourse.Services.Order.Infrastructure\MSCourse.Services.Order.Infrastructure.csproj", "{2BEA277A-91ED-4D0A-ADC7-5CA739F6E402}"
EndProject
Project("{2150E333-8FDC-42A3-9474-1A3956D46DE8}") = "Payment", "Payment", "{6EE600BD-0BE0-4DB6-9B49-CFB719FC990E}"
EndProject
Project("{FAE04EC0-301F-11D3-BF4B-00C04F79EFBC}") = "MSCourse.Services.Payment", "Services\Payment\MSCourse.Services.Payment\MSCourse.Services.Payment.csproj", "{00DDAB1E-FA09-438F-813C-7E6BEC62FCBF}"
EndProject
Project("{2150E333-8FDC-42A3-9474-1A3956D46DE8}") = "Gateway", "Gateway", "{1E0AFE2F-3B84-4D75-8AD0-5926B86AED46}"
EndProject
Project("{FAE04EC0-301F-11D3-BF4B-00C04F79EFBC}") = "MSCourse.Gateway", "Gateway\MSCourse.Gateway\MSCourse.Gateway.csproj", "{A0455906-DB40-49AC-87C7-E80FB1A1B0D2}"
EndProject
Global
	GlobalSection(SolutionConfigurationPlatforms) = preSolution
		Debug|Any CPU = Debug|Any CPU
		Release|Any CPU = Release|Any CPU
	EndGlobalSection
	GlobalSection(ProjectConfigurationPlatforms) = postSolution
		{64FC38F8-73A2-40EE-AA1D-540D14643B4F}.Debug|Any CPU.ActiveCfg = Debug|Any CPU
		{64FC38F8-73A2-40EE-AA1D-540D14643B4F}.Debug|Any CPU.Build.0 = Debug|Any CPU
		{64FC38F8-73A2-40EE-AA1D-540D14643B4F}.Release|Any CPU.ActiveCfg = Release|Any CPU
		{64FC38F8-73A2-40EE-AA1D-540D14643B4F}.Release|Any CPU.Build.0 = Release|Any CPU
		{85901AB8-492B-4812-A3DF-18F19625A70C}.Debug|Any CPU.ActiveCfg = Debug|Any CPU
		{85901AB8-492B-4812-A3DF-18F19625A70C}.Debug|Any CPU.Build.0 = Debug|Any CPU
		{85901AB8-492B-4812-A3DF-18F19625A70C}.Release|Any CPU.ActiveCfg = Release|Any CPU
		{85901AB8-492B-4812-A3DF-18F19625A70C}.Release|Any CPU.Build.0 = Release|Any CPU
		{350ED648-9216-4067-9736-09FE8189D348}.Debug|Any CPU.ActiveCfg = Debug|Any CPU
		{350ED648-9216-4067-9736-09FE8189D348}.Debug|Any CPU.Build.0 = Debug|Any CPU
		{350ED648-9216-4067-9736-09FE8189D348}.Release|Any CPU.ActiveCfg = Release|Any CPU
		{350ED648-9216-4067-9736-09FE8189D348}.Release|Any CPU.Build.0 = Release|Any CPU
		{BC73D2FE-6871-4C2E-BE5B-4D92364DB80C}.Debug|Any CPU.ActiveCfg = Debug|Any CPU
		{BC73D2FE-6871-4C2E-BE5B-4D92364DB80C}.Debug|Any CPU.Build.0 = Debug|Any CPU
		{BC73D2FE-6871-4C2E-BE5B-4D92364DB80C}.Release|Any CPU.ActiveCfg = Release|Any CPU
		{BC73D2FE-6871-4C2E-BE5B-4D92364DB80C}.Release|Any CPU.Build.0 = Release|Any CPU
		{DECCEE6A-E9A9-46A0-9EB9-0EA3555641B9}.Debug|Any CPU.ActiveCfg = Debug|Any CPU
		{DECCEE6A-E9A9-46A0-9EB9-0EA3555641B9}.Debug|Any CPU.Build.0 = Debug|Any CPU
		{DECCEE6A-E9A9-46A0-9EB9-0EA3555641B9}.Release|Any CPU.ActiveCfg = Release|Any CPU
		{DECCEE6A-E9A9-46A0-9EB9-0EA3555641B9}.Release|Any CPU.Build.0 = Release|Any CPU
		{028F4621-C37A-4306-AB65-FD134883A493}.Debug|Any CPU.ActiveCfg = Debug|Any CPU
		{028F4621-C37A-4306-AB65-FD134883A493}.Debug|Any CPU.Build.0 = Debug|Any CPU
		{028F4621-C37A-4306-AB65-FD134883A493}.Release|Any CPU.ActiveCfg = Release|Any CPU
		{028F4621-C37A-4306-AB65-FD134883A493}.Release|Any CPU.Build.0 = Release|Any CPU
		{45D528B2-5D3D-4762-81F8-A3BEF404118D}.Debug|Any CPU.ActiveCfg = Debug|Any CPU
		{45D528B2-5D3D-4762-81F8-A3BEF404118D}.Debug|Any CPU.Build.0 = Debug|Any CPU
		{45D528B2-5D3D-4762-81F8-A3BEF404118D}.Release|Any CPU.ActiveCfg = Release|Any CPU
		{45D528B2-5D3D-4762-81F8-A3BEF404118D}.Release|Any CPU.Build.0 = Release|Any CPU
		{225ED31D-4B86-4199-8EFA-6A53B16E96E3}.Debug|Any CPU.ActiveCfg = Debug|Any CPU
		{225ED31D-4B86-4199-8EFA-6A53B16E96E3}.Debug|Any CPU.Build.0 = Debug|Any CPU
		{225ED31D-4B86-4199-8EFA-6A53B16E96E3}.Release|Any CPU.ActiveCfg = Release|Any CPU
		{225ED31D-4B86-4199-8EFA-6A53B16E96E3}.Release|Any CPU.Build.0 = Release|Any CPU
		{23B9D24D-0714-42B3-BD60-B544E40EF2E7}.Debug|Any CPU.ActiveCfg = Debug|Any CPU
		{23B9D24D-0714-42B3-BD60-B544E40EF2E7}.Debug|Any CPU.Build.0 = Debug|Any CPU
		{23B9D24D-0714-42B3-BD60-B544E40EF2E7}.Release|Any CPU.ActiveCfg = Release|Any CPU
		{23B9D24D-0714-42B3-BD60-B544E40EF2E7}.Release|Any CPU.Build.0 = Release|Any CPU
		{E1A605FE-872B-41C0-A086-FBBAAF33A033}.Debug|Any CPU.ActiveCfg = Debug|Any CPU
		{E1A605FE-872B-41C0-A086-FBBAAF33A033}.Debug|Any CPU.Build.0 = Debug|Any CPU
		{E1A605FE-872B-41C0-A086-FBBAAF33A033}.Release|Any CPU.ActiveCfg = Release|Any CPU
		{E1A605FE-872B-41C0-A086-FBBAAF33A033}.Release|Any CPU.Build.0 = Release|Any CPU
		{2BEA277A-91ED-4D0A-ADC7-5CA739F6E402}.Debug|Any CPU.ActiveCfg = Debug|Any CPU
		{2BEA277A-91ED-4D0A-ADC7-5CA739F6E402}.Debug|Any CPU.Build.0 = Debug|Any CPU
		{2BEA277A-91ED-4D0A-ADC7-5CA739F6E402}.Release|Any CPU.ActiveCfg = Release|Any CPU
		{2BEA277A-91ED-4D0A-ADC7-5CA739F6E402}.Release|Any CPU.Build.0 = Release|Any CPU
		{00DDAB1E-FA09-438F-813C-7E6BEC62FCBF}.Debug|Any CPU.ActiveCfg = Debug|Any CPU
		{00DDAB1E-FA09-438F-813C-7E6BEC62FCBF}.Debug|Any CPU.Build.0 = Debug|Any CPU
		{00DDAB1E-FA09-438F-813C-7E6BEC62FCBF}.Release|Any CPU.ActiveCfg = Release|Any CPU
		{00DDAB1E-FA09-438F-813C-7E6BEC62FCBF}.Release|Any CPU.Build.0 = Release|Any CPU
		{A0455906-DB40-49AC-87C7-E80FB1A1B0D2}.Debug|Any CPU.ActiveCfg = Debug|Any CPU
		{A0455906-DB40-49AC-87C7-E80FB1A1B0D2}.Debug|Any CPU.Build.0 = Debug|Any CPU
		{A0455906-DB40-49AC-87C7-E80FB1A1B0D2}.Release|Any CPU.ActiveCfg = Release|Any CPU
		{A0455906-DB40-49AC-87C7-E80FB1A1B0D2}.Release|Any CPU.Build.0 = Release|Any CPU
	EndGlobalSection
	GlobalSection(SolutionProperties) = preSolution
		HideSolutionNode = FALSE
	EndGlobalSection
	GlobalSection(NestedProjects) = preSolution
		{EAE95AEA-1049-4B82-9FEA-C78C61606A70} = {9FA74B20-7ADD-4409-8579-2FE04B4C9044}
		{64FC38F8-73A2-40EE-AA1D-540D14643B4F} = {EAE95AEA-1049-4B82-9FEA-C78C61606A70}
		{85901AB8-492B-4812-A3DF-18F19625A70C} = {10A37D26-2A9E-4B6B-BABA-BEE477B6DB13}
		{350ED648-9216-4067-9736-09FE8189D348} = {5A23F034-A326-4257-8FC4-DA158BE94A58}
		{DE3EAC22-5B4D-416A-B22A-DC261E5FF13C} = {9FA74B20-7ADD-4409-8579-2FE04B4C9044}
		{BC73D2FE-6871-4C2E-BE5B-4D92364DB80C} = {DE3EAC22-5B4D-416A-B22A-DC261E5FF13C}
		{95EAC0C8-1C5A-479F-AE85-4AC39A7D511A} = {9FA74B20-7ADD-4409-8579-2FE04B4C9044}
		{DECCEE6A-E9A9-46A0-9EB9-0EA3555641B9} = {95EAC0C8-1C5A-479F-AE85-4AC39A7D511A}
		{5404E593-723B-401B-BABF-C53C0924D3A0} = {9FA74B20-7ADD-4409-8579-2FE04B4C9044}
		{028F4621-C37A-4306-AB65-FD134883A493} = {5404E593-723B-401B-BABF-C53C0924D3A0}
		{F2C3DF04-9A66-44BD-A75D-0968F497A856} = {9FA74B20-7ADD-4409-8579-2FE04B4C9044}
		{45D528B2-5D3D-4762-81F8-A3BEF404118D} = {F2C3DF04-9A66-44BD-A75D-0968F497A856}
		{225ED31D-4B86-4199-8EFA-6A53B16E96E3} = {F2C3DF04-9A66-44BD-A75D-0968F497A856}
		{23B9D24D-0714-42B3-BD60-B544E40EF2E7} = {F2C3DF04-9A66-44BD-A75D-0968F497A856}
		{E1A605FE-872B-41C0-A086-FBBAAF33A033} = {F2C3DF04-9A66-44BD-A75D-0968F497A856}
		{2BEA277A-91ED-4D0A-ADC7-5CA739F6E402} = {F2C3DF04-9A66-44BD-A75D-0968F497A856}
		{6EE600BD-0BE0-4DB6-9B49-CFB719FC990E} = {9FA74B20-7ADD-4409-8579-2FE04B4C9044}
		{00DDAB1E-FA09-438F-813C-7E6BEC62FCBF} = {6EE600BD-0BE0-4DB6-9B49-CFB719FC990E}
		{A0455906-DB40-49AC-87C7-E80FB1A1B0D2} = {1E0AFE2F-3B84-4D75-8AD0-5926B86AED46}
	EndGlobalSection
	GlobalSection(ExtensibilityGlobals) = postSolution
		SolutionGuid = {F51742A1-51D0-4DE5-AB2C-453C0C06D900}
	EndGlobalSection
EndGlobal
